Microsoft Visual Studio Solution File, Format Version 12.00
# Visual Studio Version 17
VisualStudioVersion = 17.8.34330.188
MinimumVisualStudioVersion = 10.0.40219.1
Project("{9A19103F-16F7-4668-BE54-9A1E7A4F7556}") = "Task1.1", "Task1.1\Task1.1.csproj", "{D4857A95-BF31-4D79-AD36-89E35A5AB25E}"
EndProject
Project("{9A19103F-16F7-4668-BE54-9A1E7A4F7556}") = "Task1.2", "Task1.2\Task1.2.csproj", "{8B5054CB-C098-47BF-8F20-58731A2E2099}"
EndProject
Project("{9A19103F-16F7-4668-BE54-9A1E7A4F7556}") = "Task1.3", "Task1.3\Task1.3.csproj", "{52BB7B1A-252F-43AA-AE08-CA593057B3E8}"
EndProject
Project("{2150E333-8FDC-42A3-9474-1A3956D46DE8}") = "Task 4", "Task 4", "{D184049A-4CCE-4707-9C55-6AEE3E851D36}"
EndProject
Project("{2150E333-8FDC-42A3-9474-1A3956D46DE8}") = "Task 2", "Task 2", "{9B5F3432-9841-4C4C-AAC8-78D9A255E5FF}"
EndProject
Project("{9A19103F-16F7-4668-BE54-9A1E7A4F7556}") = "Task2.1", "Task 2\Task2.1\Task2.1.csproj", "{A5B78A89-105C-4FC9-A327-34D5105322A2}"
EndProject
Project("{2150E333-8FDC-42A3-9474-1A3956D46DE8}") = "Task 4", "Task 4", "{0F315735-10E4-4C01-BCF8-0668C1E5C0DD}"
EndProject
Project("{2150E333-8FDC-42A3-9474-1A3956D46DE8}") = "Task 1", "Task 1", "{1762E42A-0E26-47E4-9989-593366E05F03}"
EndProject
Project("{9A19103F-16F7-4668-BE54-9A1E7A4F7556}") = "Tests", "Task 2\Tests\Tests.csproj", "{EBFC6C09-63F2-431F-907E-9642E3E14BDD}"
EndProject
Project("{9A19103F-16F7-4668-BE54-9A1E7A4F7556}") = "Task2.2", "Task 2\Task2.2\Task2.2.csproj", "{644DB793-8F68-4B64-987B-1470B1589719}"
EndProject
Project("{9A19103F-16F7-4668-BE54-9A1E7A4F7556}") = "Task2.3", "Task 2\Task2.3\Task2.3.csproj", "{B96C3FEB-D8D2-4AB8-9096-4CDC1C22DD1D}"
EndProject
Project("{2150E333-8FDC-42A3-9474-1A3956D46DE8}") = "Task 3", "Task 3", "{6A16543D-38A4-4A11-B2DC-2673384EEE25}"
EndProject
Project("{9A19103F-16F7-4668-BE54-9A1E7A4F7556}") = "Task3", "Task 3\Task3\Task3.csproj", "{C45BA86B-4FCF-442E-AF75-3C7812932C90}"
EndProject
Project("{9A19103F-16F7-4668-BE54-9A1E7A4F7556}") = "Tests", "Task 3\Tests\Tests.csproj", "{6D41982D-6645-427A-888A-924D6987D754}"
EndProject
Project("{2150E333-8FDC-42A3-9474-1A3956D46DE8}") = "Task 5", "Task 5", "{BECF212C-224C-4680-8B7B-1A9F4326045E}"
EndProject
Project("{9A19103F-16F7-4668-BE54-9A1E7A4F7556}") = "Task5.2", "Task 5.2\Task5.2\Task5.2.csproj", "{A58853CD-0C59-4368-A4FC-5010A7E2E039}"
EndProject
Project("{2150E333-8FDC-42A3-9474-1A3956D46DE8}") = "Task 5", "Task 5", "{AC726524-B02D-497F-B419-1BF03A568051}"
EndProject
Project("{FAE04EC0-301F-11D3-BF4B-00C04F79EFBC}") = "Task5.1", "Task 5.1\Task5.1\Task5.1.csproj", "{86456287-10B2-4CE4-8065-9EEE965631DA}"
EndProject
Project("{FAE04EC0-301F-11D3-BF4B-00C04F79EFBC}") = "Tests", "Task 5.1\Tests\Tests.csproj", "{60C7590E-8486-4803-8748-EDE1EEB683F2}"
EndProject
Project("{2150E333-8FDC-42A3-9474-1A3956D46DE8}") = "Task6", "Task6", "{16AC2EE0-21E2-4A9F-BD3A-A927E170D0E7}"
EndProject
Project("{FAE04EC0-301F-11D3-BF4B-00C04F79EFBC}") = "Task6", "Task6\Task6\Task6.csproj", "{7CFB25D5-CE0A-461B-B939-48ECE9F14F02}"
EndProject
Project("{FAE04EC0-301F-11D3-BF4B-00C04F79EFBC}") = "Task6.UI", "Task6\Task6.UI\Task6.UI.csproj", "{4B5E555D-B0B1-4AD3-9F64-2517B4BA32F3}"
EndProject
Global
	GlobalSection(SolutionConfigurationPlatforms) = preSolution
		Debug|Any CPU = Debug|Any CPU
		Release|Any CPU = Release|Any CPU
	EndGlobalSection
	GlobalSection(ProjectConfigurationPlatforms) = postSolution
		{D4857A95-BF31-4D79-AD36-89E35A5AB25E}.Debug|Any CPU.ActiveCfg = Debug|Any CPU
		{D4857A95-BF31-4D79-AD36-89E35A5AB25E}.Debug|Any CPU.Build.0 = Debug|Any CPU
		{D4857A95-BF31-4D79-AD36-89E35A5AB25E}.Release|Any CPU.ActiveCfg = Release|Any CPU
		{D4857A95-BF31-4D79-AD36-89E35A5AB25E}.Release|Any CPU.Build.0 = Release|Any CPU
		{8B5054CB-C098-47BF-8F20-58731A2E2099}.Debug|Any CPU.ActiveCfg = Debug|Any CPU
		{8B5054CB-C098-47BF-8F20-58731A2E2099}.Debug|Any CPU.Build.0 = Debug|Any CPU
		{8B5054CB-C098-47BF-8F20-58731A2E2099}.Release|Any CPU.ActiveCfg = Release|Any CPU
		{8B5054CB-C098-47BF-8F20-58731A2E2099}.Release|Any CPU.Build.0 = Release|Any CPU
		{52BB7B1A-252F-43AA-AE08-CA593057B3E8}.Debug|Any CPU.ActiveCfg = Debug|Any CPU
		{52BB7B1A-252F-43AA-AE08-CA593057B3E8}.Debug|Any CPU.Build.0 = Debug|Any CPU
		{52BB7B1A-252F-43AA-AE08-CA593057B3E8}.Release|Any CPU.ActiveCfg = Release|Any CPU
		{52BB7B1A-252F-43AA-AE08-CA593057B3E8}.Release|Any CPU.Build.0 = Release|Any CPU
		{A5B78A89-105C-4FC9-A327-34D5105322A2}.Debug|Any CPU.ActiveCfg = Debug|Any CPU
		{A5B78A89-105C-4FC9-A327-34D5105322A2}.Debug|Any CPU.Build.0 = Debug|Any CPU
		{A5B78A89-105C-4FC9-A327-34D5105322A2}.Release|Any CPU.ActiveCfg = Release|Any CPU
		{A5B78A89-105C-4FC9-A327-34D5105322A2}.Release|Any CPU.Build.0 = Release|Any CPU
		{EBFC6C09-63F2-431F-907E-9642E3E14BDD}.Debug|Any CPU.ActiveCfg = Debug|Any CPU
		{EBFC6C09-63F2-431F-907E-9642E3E14BDD}.Debug|Any CPU.Build.0 = Debug|Any CPU
		{EBFC6C09-63F2-431F-907E-9642E3E14BDD}.Release|Any CPU.ActiveCfg = Release|Any CPU
		{EBFC6C09-63F2-431F-907E-9642E3E14BDD}.Release|Any CPU.Build.0 = Release|Any CPU
		{644DB793-8F68-4B64-987B-1470B1589719}.Debug|Any CPU.ActiveCfg = Debug|Any CPU
		{644DB793-8F68-4B64-987B-1470B1589719}.Debug|Any CPU.Build.0 = Debug|Any CPU
		{644DB793-8F68-4B64-987B-1470B1589719}.Release|Any CPU.ActiveCfg = Release|Any CPU
		{644DB793-8F68-4B64-987B-1470B1589719}.Release|Any CPU.Build.0 = Release|Any CPU
		{B96C3FEB-D8D2-4AB8-9096-4CDC1C22DD1D}.Debug|Any CPU.ActiveCfg = Debug|Any CPU
		{B96C3FEB-D8D2-4AB8-9096-4CDC1C22DD1D}.Debug|Any CPU.Build.0 = Debug|Any CPU
		{B96C3FEB-D8D2-4AB8-9096-4CDC1C22DD1D}.Release|Any CPU.ActiveCfg = Release|Any CPU
		{B96C3FEB-D8D2-4AB8-9096-4CDC1C22DD1D}.Release|Any CPU.Build.0 = Release|Any CPU
		{C45BA86B-4FCF-442E-AF75-3C7812932C90}.Debug|Any CPU.ActiveCfg = Debug|Any CPU
		{C45BA86B-4FCF-442E-AF75-3C7812932C90}.Debug|Any CPU.Build.0 = Debug|Any CPU
		{C45BA86B-4FCF-442E-AF75-3C7812932C90}.Release|Any CPU.ActiveCfg = Release|Any CPU
		{C45BA86B-4FCF-442E-AF75-3C7812932C90}.Release|Any CPU.Build.0 = Release|Any CPU
		{6D41982D-6645-427A-888A-924D6987D754}.Debug|Any CPU.ActiveCfg = Debug|Any CPU
		{6D41982D-6645-427A-888A-924D6987D754}.Debug|Any CPU.Build.0 = Debug|Any CPU
		{6D41982D-6645-427A-888A-924D6987D754}.Release|Any CPU.ActiveCfg = Release|Any CPU
		{6D41982D-6645-427A-888A-924D6987D754}.Release|Any CPU.Build.0 = Release|Any CPU
		{A58853CD-0C59-4368-A4FC-5010A7E2E039}.Debug|Any CPU.ActiveCfg = Debug|Any CPU
		{A58853CD-0C59-4368-A4FC-5010A7E2E039}.Debug|Any CPU.Build.0 = Debug|Any CPU
		{A58853CD-0C59-4368-A4FC-5010A7E2E039}.Release|Any CPU.ActiveCfg = Release|Any CPU
		{A58853CD-0C59-4368-A4FC-5010A7E2E039}.Release|Any CPU.Build.0 = Release|Any CPU
		{86456287-10B2-4CE4-8065-9EEE965631DA}.Debug|Any CPU.ActiveCfg = Debug|Any CPU
		{86456287-10B2-4CE4-8065-9EEE965631DA}.Debug|Any CPU.Build.0 = Debug|Any CPU
		{86456287-10B2-4CE4-8065-9EEE965631DA}.Release|Any CPU.ActiveCfg = Release|Any CPU
		{86456287-10B2-4CE4-8065-9EEE965631DA}.Release|Any CPU.Build.0 = Release|Any CPU
		{60C7590E-8486-4803-8748-EDE1EEB683F2}.Debug|Any CPU.ActiveCfg = Debug|Any CPU
		{60C7590E-8486-4803-8748-EDE1EEB683F2}.Debug|Any CPU.Build.0 = Debug|Any CPU
		{60C7590E-8486-4803-8748-EDE1EEB683F2}.Release|Any CPU.ActiveCfg = Release|Any CPU
		{60C7590E-8486-4803-8748-EDE1EEB683F2}.Release|Any CPU.Build.0 = Release|Any CPU
		{7CFB25D5-CE0A-461B-B939-48ECE9F14F02}.Debug|Any CPU.ActiveCfg = Debug|Any CPU
		{7CFB25D5-CE0A-461B-B939-48ECE9F14F02}.Debug|Any CPU.Build.0 = Debug|Any CPU
		{7CFB25D5-CE0A-461B-B939-48ECE9F14F02}.Release|Any CPU.ActiveCfg = Release|Any CPU
		{7CFB25D5-CE0A-461B-B939-48ECE9F14F02}.Release|Any CPU.Build.0 = Release|Any CPU
		{4B5E555D-B0B1-4AD3-9F64-2517B4BA32F3}.Debug|Any CPU.ActiveCfg = Debug|Any CPU
		{4B5E555D-B0B1-4AD3-9F64-2517B4BA32F3}.Debug|Any CPU.Build.0 = Debug|Any CPU
		{4B5E555D-B0B1-4AD3-9F64-2517B4BA32F3}.Release|Any CPU.ActiveCfg = Release|Any CPU
		{4B5E555D-B0B1-4AD3-9F64-2517B4BA32F3}.Release|Any CPU.Build.0 = Release|Any CPU
	EndGlobalSection
	GlobalSection(SolutionProperties) = preSolution
		HideSolutionNode = FALSE
	EndGlobalSection
	GlobalSection(NestedProjects) = preSolution
		{D4857A95-BF31-4D79-AD36-89E35A5AB25E} = {1762E42A-0E26-47E4-9989-593366E05F03}
		{8B5054CB-C098-47BF-8F20-58731A2E2099} = {1762E42A-0E26-47E4-9989-593366E05F03}
		{52BB7B1A-252F-43AA-AE08-CA593057B3E8} = {1762E42A-0E26-47E4-9989-593366E05F03}
		{A5B78A89-105C-4FC9-A327-34D5105322A2} = {9B5F3432-9841-4C4C-AAC8-78D9A255E5FF}
		{EBFC6C09-63F2-431F-907E-9642E3E14BDD} = {9B5F3432-9841-4C4C-AAC8-78D9A255E5FF}
		{644DB793-8F68-4B64-987B-1470B1589719} = {9B5F3432-9841-4C4C-AAC8-78D9A255E5FF}
		{B96C3FEB-D8D2-4AB8-9096-4CDC1C22DD1D} = {9B5F3432-9841-4C4C-AAC8-78D9A255E5FF}
		{C45BA86B-4FCF-442E-AF75-3C7812932C90} = {6A16543D-38A4-4A11-B2DC-2673384EEE25}
		{6D41982D-6645-427A-888A-924D6987D754} = {6A16543D-38A4-4A11-B2DC-2673384EEE25}
		{A58853CD-0C59-4368-A4FC-5010A7E2E039} = {BECF212C-224C-4680-8B7B-1A9F4326045E}
		{86456287-10B2-4CE4-8065-9EEE965631DA} = {AC726524-B02D-497F-B419-1BF03A568051}
		{60C7590E-8486-4803-8748-EDE1EEB683F2} = {AC726524-B02D-497F-B419-1BF03A568051}
		{7CFB25D5-CE0A-461B-B939-48ECE9F14F02} = {16AC2EE0-21E2-4A9F-BD3A-A927E170D0E7}
		{4B5E555D-B0B1-4AD3-9F64-2517B4BA32F3} = {16AC2EE0-21E2-4A9F-BD3A-A927E170D0E7}
	EndGlobalSection
	GlobalSection(ExtensibilityGlobals) = postSolution
		SolutionGuid = {98676FFF-6EC0-4B79-BF71-E5DCFBE604CB}
	EndGlobalSection
EndGlobal
